# This file was autogenerated by uv via the following command:
#    uv pip compile requirements.in -o requirements.lock
asgiref==3.8.1
    # via
    #   -r requirements.in
    #   django
    #   django-cors-headers
django==5.2
    # via
    #   -r requirements.in
    #   django-cors-headers
    #   djangorestframework
    #   djangorestframework-simplejwt
django-cors-headers==4.7.0
    # via -r requirements.in
djangorestframework==3.16.0
    # via
    #   -r requirements.in
    #   djangorestframework-simplejwt
djangorestframework-simplejwt==5.5.0
    # via -r requirements.in
gunicorn==23.0.0
    # via -r requirements.in
packaging==25.0
    # via gunicorn
psycopg2-binary==2.9.10
    # via -r requirements.in
pyjwt==2.9.0
    # via
    #   -r requirements.in
    #   djangorestframework-simplejwt
python-dotenv==1.1.0
    # via -r requirements.in
pytz==2025.2
    # via -r requirements.in
sqlparse==0.5.3
    # via
    #   -r requirements.in
    #   django
